
Microsoft Visual Studio Solution File, Format Version 12.00
# Visual Studio Version 16
VisualStudioVersion = 16.0.30225.117
MinimumVisualStudioVersion = 10.0.40219.1
Project("{9A19103F-16F7-4668-BE54-9A1E7A4F7556}") = "dot-next", "dot-next.csproj", "{D57D0FAD-ED94-45A0-BA27-AD9FAE64FBAF}"
EndProject
Global
	GlobalSection(SolutionConfigurationPlatforms) = preSolution
		Debug|Any CPU = Debug|Any CPU
		Release|Any CPU = Release|Any CPU
	EndGlobalSection
	GlobalSection(ProjectConfigurationPlatforms) = postSolution
		{D57D0FAD-ED94-45A0-BA27-AD9FAE64FBAF}.Debug|Any CPU.ActiveCfg = Debug|Any CPU
		{D57D0FAD-ED94-45A0-BA27-AD9FAE64FBAF}.Debug|Any CPU.Build.0 = Debug|Any CPU
		{D57D0FAD-ED94-45A0-BA27-AD9FAE64FBAF}.Release|Any CPU.ActiveCfg = Release|Any CPU
		{D57D0FAD-ED94-45A0-BA27-AD9FAE64FBAF}.Release|Any CPU.Build.0 = Release|Any CPU
	EndGlobalSection
	GlobalSection(SolutionProperties) = preSolution
		HideSolutionNode = FALSE
	EndGlobalSection
	GlobalSection(ExtensibilityGlobals) = postSolution
		SolutionGuid = {9259AE53-A0AC-476F-B2B2-B8840FA71ADF}
	EndGlobalSection
EndGlobal
